
Microsoft Visual Studio Solution File, Format Version 12.00
# Visual Studio Version 17
VisualStudioVersion = 17.2.33530.394
MinimumVisualStudioVersion = 10.0.40219.1
Project("{F184B08F-C81C-45F6-A57F-5ABD9991F28F}") = "FEPRouting", "FEPRouting.vbproj", "{7B2C7BA2-99FF-4E1F-A1BD-87B0F3E682E7}"
	ProjectSection(ProjectDependencies) = postProject
		{04F5D1F2-32C7-48E8-B690-B8FB960BE506} = {04F5D1F2-32C7-48E8-B690-B8FB960BE506}
	EndProjectSection
EndProject
Project("{2150E333-8FDC-42A3-9474-1A3956D46DE8}") = "Solution Items", "Solution Items", "{9BD4F891-1A3C-4316-A6C2-12D4783A980D}"
	ProjectSection(SolutionItems) = preProject
		My Project\licenses.licx = My Project\licenses.licx
	EndProjectSection
EndProject
Project("{FAE04EC0-301F-11D3-BF4B-00C04F79EFBC}") = "FEP.Routing.Admin", "FEP.Routing.Admin\FEP.Routing.Admin.csproj", "{04F5D1F2-32C7-48E8-B690-B8FB960BE506}"
EndProject
Project("{2150E333-8FDC-42A3-9474-1A3956D46DE8}") = "Build", "Build", "{61ED638A-1747-4BFC-B27C-AF73B54566C6}"
	ProjectSection(SolutionItems) = preProject
		build.cake = build.cake
		build.ps1 = build.ps1
		tools\packages.config = tools\packages.config
		build\paths.cake = build\paths.cake
	EndProjectSection
EndProject
Project("{2150E333-8FDC-42A3-9474-1A3956D46DE8}") = "References", "References", "{5CA3BF74-223B-4537-B66A-382B8C2D8ECD}"
	ProjectSection(SolutionItems) = preProject
		References\InquiryForm\Aspose.Email.dll = References\InquiryForm\Aspose.Email.dll
		References\InquiryForm\FEPINQFormClass.dll = References\InquiryForm\FEPINQFormClass.dll
		References\MS Word\Interop.Word.dll = References\MS Word\Interop.Word.dll
		References\InquiryForm\StreamlineScreens.dll = References\InquiryForm\StreamlineScreens.dll
		References\TelerikControls\Telerik.WinControls.dll = References\TelerikControls\Telerik.WinControls.dll
		References\TelerikControls\Telerik.WinControls.UI.dll = References\TelerikControls\Telerik.WinControls.UI.dll
	EndProjectSection
EndProject
Project("{FAE04EC0-301F-11D3-BF4B-00C04F79EFBC}") = "FEPRouting.UnitTests", "FEPRouting.UnitTests\FEPRouting.UnitTests.csproj", "{04EDAD63-8360-4BB8-9BDB-C4C4FC2E5852}"
EndProject
Global
	GlobalSection(SolutionConfigurationPlatforms) = preSolution
		Debug|Any CPU = Debug|Any CPU
		Debug|Mixed Platforms = Debug|Mixed Platforms
		Debug|x86 = Debug|x86
		DEV|Any CPU = DEV|Any CPU
		DEV|Mixed Platforms = DEV|Mixed Platforms
		DEV|x86 = DEV|x86
		PROD|Any CPU = PROD|Any CPU
		PROD|Mixed Platforms = PROD|Mixed Platforms
		PROD|x86 = PROD|x86
		ProdSup|Any CPU = ProdSup|Any CPU
		ProdSup|Mixed Platforms = ProdSup|Mixed Platforms
		ProdSup|x86 = ProdSup|x86
		Release|Any CPU = Release|Any CPU
		Release|Mixed Platforms = Release|Mixed Platforms
		Release|x86 = Release|x86
		SBOX|Any CPU = SBOX|Any CPU
		SBOX|Mixed Platforms = SBOX|Mixed Platforms
		SBOX|x86 = SBOX|x86
		STAGE|Any CPU = STAGE|Any CPU
		STAGE|Mixed Platforms = STAGE|Mixed Platforms
		STAGE|x86 = STAGE|x86
		TEST|Any CPU = TEST|Any CPU
		TEST|Mixed Platforms = TEST|Mixed Platforms
		TEST|x86 = TEST|x86
	EndGlobalSection
	GlobalSection(ProjectConfigurationPlatforms) = postSolution
		{7B2C7BA2-99FF-4E1F-A1BD-87B0F3E682E7}.Debug|Any CPU.ActiveCfg = Debug|Any CPU
		{7B2C7BA2-99FF-4E1F-A1BD-87B0F3E682E7}.Debug|Any CPU.Build.0 = Debug|Any CPU
		{7B2C7BA2-99FF-4E1F-A1BD-87B0F3E682E7}.Debug|Mixed Platforms.ActiveCfg = Debug|x86
		{7B2C7BA2-99FF-4E1F-A1BD-87B0F3E682E7}.Debug|Mixed Platforms.Build.0 = Debug|x86
		{7B2C7BA2-99FF-4E1F-A1BD-87B0F3E682E7}.Debug|x86.ActiveCfg = Debug|x86
		{7B2C7BA2-99FF-4E1F-A1BD-87B0F3E682E7}.Debug|x86.Build.0 = Debug|x86
		{7B2C7BA2-99FF-4E1F-A1BD-87B0F3E682E7}.DEV|Any CPU.ActiveCfg = DEV|Any CPU
		{7B2C7BA2-99FF-4E1F-A1BD-87B0F3E682E7}.DEV|Any CPU.Build.0 = DEV|Any CPU
		{7B2C7BA2-99FF-4E1F-A1BD-87B0F3E682E7}.DEV|Mixed Platforms.ActiveCfg = DEV|x86
		{7B2C7BA2-99FF-4E1F-A1BD-87B0F3E682E7}.DEV|Mixed Platforms.Build.0 = DEV|x86
		{7B2C7BA2-99FF-4E1F-A1BD-87B0F3E682E7}.DEV|x86.ActiveCfg = DEV|x86
		{7B2C7BA2-99FF-4E1F-A1BD-87B0F3E682E7}.DEV|x86.Build.0 = DEV|x86
		{7B2C7BA2-99FF-4E1F-A1BD-87B0F3E682E7}.PROD|Any CPU.ActiveCfg = PROD|Any CPU
		{7B2C7BA2-99FF-4E1F-A1BD-87B0F3E682E7}.PROD|Any CPU.Build.0 = PROD|Any CPU
		{7B2C7BA2-99FF-4E1F-A1BD-87B0F3E682E7}.PROD|Mixed Platforms.ActiveCfg = PROD|x86
		{7B2C7BA2-99FF-4E1F-A1BD-87B0F3E682E7}.PROD|Mixed Platforms.Build.0 = PROD|x86
		{7B2C7BA2-99FF-4E1F-A1BD-87B0F3E682E7}.PROD|x86.ActiveCfg = PROD|x86
		{7B2C7BA2-99FF-4E1F-A1BD-87B0F3E682E7}.PROD|x86.Build.0 = PROD|x86
		{7B2C7BA2-99FF-4E1F-A1BD-87B0F3E682E7}.ProdSup|Any CPU.ActiveCfg = ProdSup|Any CPU
		{7B2C7BA2-99FF-4E1F-A1BD-87B0F3E682E7}.ProdSup|Any CPU.Build.0 = ProdSup|Any CPU
		{7B2C7BA2-99FF-4E1F-A1BD-87B0F3E682E7}.ProdSup|Mixed Platforms.ActiveCfg = ProdSup|x86
		{7B2C7BA2-99FF-4E1F-A1BD-87B0F3E682E7}.ProdSup|Mixed Platforms.Build.0 = ProdSup|x86
		{7B2C7BA2-99FF-4E1F-A1BD-87B0F3E682E7}.ProdSup|x86.ActiveCfg = ProdSup|x86
		{7B2C7BA2-99FF-4E1F-A1BD-87B0F3E682E7}.ProdSup|x86.Build.0 = ProdSup|x86
		{7B2C7BA2-99FF-4E1F-A1BD-87B0F3E682E7}.Release|Any CPU.ActiveCfg = Release|Any CPU
		{7B2C7BA2-99FF-4E1F-A1BD-87B0F3E682E7}.Release|Any CPU.Build.0 = Release|Any CPU
		{7B2C7BA2-99FF-4E1F-A1BD-87B0F3E682E7}.Release|Mixed Platforms.ActiveCfg = Release|x86
		{7B2C7BA2-99FF-4E1F-A1BD-87B0F3E682E7}.Release|Mixed Platforms.Build.0 = Release|x86
		{7B2C7BA2-99FF-4E1F-A1BD-87B0F3E682E7}.Release|x86.ActiveCfg = Release|x86
		{7B2C7BA2-99FF-4E1F-A1BD-87B0F3E682E7}.Release|x86.Build.0 = Release|x86
		{7B2C7BA2-99FF-4E1F-A1BD-87B0F3E682E7}.SBOX|Any CPU.ActiveCfg = SBOX|Any CPU
		{7B2C7BA2-99FF-4E1F-A1BD-87B0F3E682E7}.SBOX|Any CPU.Build.0 = SBOX|Any CPU
		{7B2C7BA2-99FF-4E1F-A1BD-87B0F3E682E7}.SBOX|Mixed Platforms.ActiveCfg = SBOX|x86
		{7B2C7BA2-99FF-4E1F-A1BD-87B0F3E682E7}.SBOX|Mixed Platforms.Build.0 = SBOX|x86
		{7B2C7BA2-99FF-4E1F-A1BD-87B0F3E682E7}.SBOX|x86.ActiveCfg = SBOX|x86
		{7B2C7BA2-99FF-4E1F-A1BD-87B0F3E682E7}.SBOX|x86.Build.0 = SBOX|x86
		{7B2C7BA2-99FF-4E1F-A1BD-87B0F3E682E7}.STAGE|Any CPU.ActiveCfg = STAGE|Any CPU
		{7B2C7BA2-99FF-4E1F-A1BD-87B0F3E682E7}.STAGE|Any CPU.Build.0 = STAGE|Any CPU
		{7B2C7BA2-99FF-4E1F-A1BD-87B0F3E682E7}.STAGE|Mixed Platforms.ActiveCfg = STAGE|x86
		{7B2C7BA2-99FF-4E1F-A1BD-87B0F3E682E7}.STAGE|Mixed Platforms.Build.0 = STAGE|x86
		{7B2C7BA2-99FF-4E1F-A1BD-87B0F3E682E7}.STAGE|x86.ActiveCfg = STAGE|x86
		{7B2C7BA2-99FF-4E1F-A1BD-87B0F3E682E7}.STAGE|x86.Build.0 = STAGE|x86
		{7B2C7BA2-99FF-4E1F-A1BD-87B0F3E682E7}.TEST|Any CPU.ActiveCfg = TEST|Any CPU
		{7B2C7BA2-99FF-4E1F-A1BD-87B0F3E682E7}.TEST|Any CPU.Build.0 = TEST|Any CPU
		{7B2C7BA2-99FF-4E1F-A1BD-87B0F3E682E7}.TEST|Mixed Platforms.ActiveCfg = TEST|x86
		{7B2C7BA2-99FF-4E1F-A1BD-87B0F3E682E7}.TEST|Mixed Platforms.Build.0 = TEST|x86
		{7B2C7BA2-99FF-4E1F-A1BD-87B0F3E682E7}.TEST|x86.ActiveCfg = TEST|x86
		{7B2C7BA2-99FF-4E1F-A1BD-87B0F3E682E7}.TEST|x86.Build.0 = TEST|x86
		{04F5D1F2-32C7-48E8-B690-B8FB960BE506}.Debug|Any CPU.ActiveCfg = Debug|Any CPU
		{04F5D1F2-32C7-48E8-B690-B8FB960BE506}.Debug|Any CPU.Build.0 = Debug|Any CPU
		{04F5D1F2-32C7-48E8-B690-B8FB960BE506}.Debug|Mixed Platforms.ActiveCfg = Debug|x86
		{04F5D1F2-32C7-48E8-B690-B8FB960BE506}.Debug|Mixed Platforms.Build.0 = Debug|x86
		{04F5D1F2-32C7-48E8-B690-B8FB960BE506}.Debug|x86.ActiveCfg = Debug|x86
		{04F5D1F2-32C7-48E8-B690-B8FB960BE506}.Debug|x86.Build.0 = Debug|x86
		{04F5D1F2-32C7-48E8-B690-B8FB960BE506}.DEV|Any CPU.ActiveCfg = DEV|Any CPU
		{04F5D1F2-32C7-48E8-B690-B8FB960BE506}.DEV|Any CPU.Build.0 = DEV|Any CPU
		{04F5D1F2-32C7-48E8-B690-B8FB960BE506}.DEV|Mixed Platforms.ActiveCfg = DEV|x86
		{04F5D1F2-32C7-48E8-B690-B8FB960BE506}.DEV|Mixed Platforms.Build.0 = DEV|x86
		{04F5D1F2-32C7-48E8-B690-B8FB960BE506}.DEV|x86.ActiveCfg = DEV|x86
		{04F5D1F2-32C7-48E8-B690-B8FB960BE506}.DEV|x86.Build.0 = DEV|x86
		{04F5D1F2-32C7-48E8-B690-B8FB960BE506}.PROD|Any CPU.ActiveCfg = PROD|Any CPU
		{04F5D1F2-32C7-48E8-B690-B8FB960BE506}.PROD|Any CPU.Build.0 = PROD|Any CPU
		{04F5D1F2-32C7-48E8-B690-B8FB960BE506}.PROD|Mixed Platforms.ActiveCfg = PROD|x86
		{04F5D1F2-32C7-48E8-B690-B8FB960BE506}.PROD|Mixed Platforms.Build.0 = PROD|x86
		{04F5D1F2-32C7-48E8-B690-B8FB960BE506}.PROD|x86.ActiveCfg = PROD|x86
		{04F5D1F2-32C7-48E8-B690-B8FB960BE506}.PROD|x86.Build.0 = PROD|x86
		{04F5D1F2-32C7-48E8-B690-B8FB960BE506}.ProdSup|Any CPU.ActiveCfg = ProdSup|Any CPU
		{04F5D1F2-32C7-48E8-B690-B8FB960BE506}.ProdSup|Any CPU.Build.0 = ProdSup|Any CPU
		{04F5D1F2-32C7-48E8-B690-B8FB960BE506}.ProdSup|Mixed Platforms.ActiveCfg = ProdSup|x86
		{04F5D1F2-32C7-48E8-B690-B8FB960BE506}.ProdSup|Mixed Platforms.Build.0 = ProdSup|x86
		{04F5D1F2-32C7-48E8-B690-B8FB960BE506}.ProdSup|x86.ActiveCfg = ProdSup|x86
		{04F5D1F2-32C7-48E8-B690-B8FB960BE506}.ProdSup|x86.Build.0 = ProdSup|x86
		{04F5D1F2-32C7-48E8-B690-B8FB960BE506}.Release|Any CPU.ActiveCfg = Release|Any CPU
		{04F5D1F2-32C7-48E8-B690-B8FB960BE506}.Release|Any CPU.Build.0 = Release|Any CPU
		{04F5D1F2-32C7-48E8-B690-B8FB960BE506}.Release|Mixed Platforms.ActiveCfg = Release|x86
		{04F5D1F2-32C7-48E8-B690-B8FB960BE506}.Release|Mixed Platforms.Build.0 = Release|x86
		{04F5D1F2-32C7-48E8-B690-B8FB960BE506}.Release|x86.ActiveCfg = Release|x86
		{04F5D1F2-32C7-48E8-B690-B8FB960BE506}.Release|x86.Build.0 = Release|x86
		{04F5D1F2-32C7-48E8-B690-B8FB960BE506}.SBOX|Any CPU.ActiveCfg = SBOX|Any CPU
		{04F5D1F2-32C7-48E8-B690-B8FB960BE506}.SBOX|Any CPU.Build.0 = SBOX|Any CPU
		{04F5D1F2-32C7-48E8-B690-B8FB960BE506}.SBOX|Mixed Platforms.ActiveCfg = SBOX|x86
		{04F5D1F2-32C7-48E8-B690-B8FB960BE506}.SBOX|Mixed Platforms.Build.0 = SBOX|x86
		{04F5D1F2-32C7-48E8-B690-B8FB960BE506}.SBOX|x86.ActiveCfg = SBOX|x86
		{04F5D1F2-32C7-48E8-B690-B8FB960BE506}.SBOX|x86.Build.0 = SBOX|x86
		{04F5D1F2-32C7-48E8-B690-B8FB960BE506}.STAGE|Any CPU.ActiveCfg = STAGE|Any CPU
		{04F5D1F2-32C7-48E8-B690-B8FB960BE506}.STAGE|Any CPU.Build.0 = STAGE|Any CPU
		{04F5D1F2-32C7-48E8-B690-B8FB960BE506}.STAGE|Mixed Platforms.ActiveCfg = STAGE|x86
		{04F5D1F2-32C7-48E8-B690-B8FB960BE506}.STAGE|Mixed Platforms.Build.0 = STAGE|x86
		{04F5D1F2-32C7-48E8-B690-B8FB960BE506}.STAGE|x86.ActiveCfg = STAGE|x86
		{04F5D1F2-32C7-48E8-B690-B8FB960BE506}.STAGE|x86.Build.0 = STAGE|x86
		{04F5D1F2-32C7-48E8-B690-B8FB960BE506}.TEST|Any CPU.ActiveCfg = TEST|Any CPU
		{04F5D1F2-32C7-48E8-B690-B8FB960BE506}.TEST|Any CPU.Build.0 = TEST|Any CPU
		{04F5D1F2-32C7-48E8-B690-B8FB960BE506}.TEST|Mixed Platforms.ActiveCfg = TEST|x86
		{04F5D1F2-32C7-48E8-B690-B8FB960BE506}.TEST|Mixed Platforms.Build.0 = TEST|x86
		{04F5D1F2-32C7-48E8-B690-B8FB960BE506}.TEST|x86.ActiveCfg = TEST|x86
		{04F5D1F2-32C7-48E8-B690-B8FB960BE506}.TEST|x86.Build.0 = TEST|x86
		{04EDAD63-8360-4BB8-9BDB-C4C4FC2E5852}.Debug|Any CPU.ActiveCfg = Debug|Any CPU
		{04EDAD63-8360-4BB8-9BDB-C4C4FC2E5852}.Debug|Any CPU.Build.0 = Debug|Any CPU
		{04EDAD63-8360-4BB8-9BDB-C4C4FC2E5852}.Debug|Mixed Platforms.ActiveCfg = Debug|x86
		{04EDAD63-8360-4BB8-9BDB-C4C4FC2E5852}.Debug|Mixed Platforms.Build.0 = Debug|x86
		{04EDAD63-8360-4BB8-9BDB-C4C4FC2E5852}.Debug|x86.ActiveCfg = Debug|Any CPU
		{04EDAD63-8360-4BB8-9BDB-C4C4FC2E5852}.Debug|x86.Build.0 = Debug|Any CPU
		{04EDAD63-8360-4BB8-9BDB-C4C4FC2E5852}.DEV|Any CPU.ActiveCfg = Debug|Any CPU
		{04EDAD63-8360-4BB8-9BDB-C4C4FC2E5852}.DEV|Any CPU.Build.0 = Debug|Any CPU
		{04EDAD63-8360-4BB8-9BDB-C4C4FC2E5852}.DEV|Mixed Platforms.ActiveCfg = Debug|Any CPU
		{04EDAD63-8360-4BB8-9BDB-C4C4FC2E5852}.DEV|Mixed Platforms.Build.0 = Debug|Any CPU
		{04EDAD63-8360-4BB8-9BDB-C4C4FC2E5852}.DEV|x86.ActiveCfg = Debug|Any CPU
		{04EDAD63-8360-4BB8-9BDB-C4C4FC2E5852}.DEV|x86.Build.0 = Debug|Any CPU
		{04EDAD63-8360-4BB8-9BDB-C4C4FC2E5852}.PROD|Any CPU.ActiveCfg = Debug|Any CPU
		{04EDAD63-8360-4BB8-9BDB-C4C4FC2E5852}.PROD|Any CPU.Build.0 = Debug|Any CPU
		{04EDAD63-8360-4BB8-9BDB-C4C4FC2E5852}.PROD|Mixed Platforms.ActiveCfg = Debug|Any CPU
		{04EDAD63-8360-4BB8-9BDB-C4C4FC2E5852}.PROD|Mixed Platforms.Build.0 = Debug|Any CPU
		{04EDAD63-8360-4BB8-9BDB-C4C4FC2E5852}.PROD|x86.ActiveCfg = Debug|Any CPU
		{04EDAD63-8360-4BB8-9BDB-C4C4FC2E5852}.PROD|x86.Build.0 = Debug|Any CPU
		{04EDAD63-8360-4BB8-9BDB-C4C4FC2E5852}.ProdSup|Any CPU.ActiveCfg = Debug|Any CPU
		{04EDAD63-8360-4BB8-9BDB-C4C4FC2E5852}.ProdSup|Any CPU.Build.0 = Debug|Any CPU
		{04EDAD63-8360-4BB8-9BDB-C4C4FC2E5852}.ProdSup|Mixed Platforms.ActiveCfg = Debug|Any CPU
		{04EDAD63-8360-4BB8-9BDB-C4C4FC2E5852}.ProdSup|Mixed Platforms.Build.0 = Debug|Any CPU
		{04EDAD63-8360-4BB8-9BDB-C4C4FC2E5852}.ProdSup|x86.ActiveCfg = Debug|Any CPU
		{04EDAD63-8360-4BB8-9BDB-C4C4FC2E5852}.ProdSup|x86.Build.0 = Debug|Any CPU
		{04EDAD63-8360-4BB8-9BDB-C4C4FC2E5852}.Release|Any CPU.ActiveCfg = Release|Any CPU
		{04EDAD63-8360-4BB8-9BDB-C4C4FC2E5852}.Release|Any CPU.Build.0 = Release|Any CPU
		{04EDAD63-8360-4BB8-9BDB-C4C4FC2E5852}.Release|Mixed Platforms.ActiveCfg = Release|Any CPU
		{04EDAD63-8360-4BB8-9BDB-C4C4FC2E5852}.Release|Mixed Platforms.Build.0 = Release|Any CPU
		{04EDAD63-8360-4BB8-9BDB-C4C4FC2E5852}.Release|x86.ActiveCfg = Release|Any CPU
		{04EDAD63-8360-4BB8-9BDB-C4C4FC2E5852}.Release|x86.Build.0 = Release|Any CPU
		{04EDAD63-8360-4BB8-9BDB-C4C4FC2E5852}.SBOX|Any CPU.ActiveCfg = Debug|Any CPU
		{04EDAD63-8360-4BB8-9BDB-C4C4FC2E5852}.SBOX|Any CPU.Build.0 = Debug|Any CPU
		{04EDAD63-8360-4BB8-9BDB-C4C4FC2E5852}.SBOX|Mixed Platforms.ActiveCfg = Debug|Any CPU
		{04EDAD63-8360-4BB8-9BDB-C4C4FC2E5852}.SBOX|Mixed Platforms.Build.0 = Debug|Any CPU
		{04EDAD63-8360-4BB8-9BDB-C4C4FC2E5852}.SBOX|x86.ActiveCfg = Debug|Any CPU
		{04EDAD63-8360-4BB8-9BDB-C4C4FC2E5852}.SBOX|x86.Build.0 = Debug|Any CPU
		{04EDAD63-8360-4BB8-9BDB-C4C4FC2E5852}.STAGE|Any CPU.ActiveCfg = Debug|Any CPU
		{04EDAD63-8360-4BB8-9BDB-C4C4FC2E5852}.STAGE|Any CPU.Build.0 = Debug|Any CPU
		{04EDAD63-8360-4BB8-9BDB-C4C4FC2E5852}.STAGE|Mixed Platforms.ActiveCfg = Debug|Any CPU
		{04EDAD63-8360-4BB8-9BDB-C4C4FC2E5852}.STAGE|Mixed Platforms.Build.0 = Debug|Any CPU
		{04EDAD63-8360-4BB8-9BDB-C4C4FC2E5852}.STAGE|x86.ActiveCfg = Debug|Any CPU
		{04EDAD63-8360-4BB8-9BDB-C4C4FC2E5852}.STAGE|x86.Build.0 = Debug|Any CPU
		{04EDAD63-8360-4BB8-9BDB-C4C4FC2E5852}.TEST|Any CPU.ActiveCfg = Debug|Any CPU
		{04EDAD63-8360-4BB8-9BDB-C4C4FC2E5852}.TEST|Any CPU.Build.0 = Debug|Any CPU
		{04EDAD63-8360-4BB8-9BDB-C4C4FC2E5852}.TEST|Mixed Platforms.ActiveCfg = Debug|Any CPU
		{04EDAD63-8360-4BB8-9BDB-C4C4FC2E5852}.TEST|Mixed Platforms.Build.0 = Debug|Any CPU
		{04EDAD63-8360-4BB8-9BDB-C4C4FC2E5852}.TEST|x86.ActiveCfg = Debug|Any CPU
		{04EDAD63-8360-4BB8-9BDB-C4C4FC2E5852}.TEST|x86.Build.0 = Debug|Any CPU
	EndGlobalSection
	GlobalSection(SolutionProperties) = preSolution
		HideSolutionNode = FALSE
	EndGlobalSection
	GlobalSection(NestedProjects) = preSolution
		{5CA3BF74-223B-4537-B66A-382B8C2D8ECD} = {9BD4F891-1A3C-4316-A6C2-12D4783A980D}
	EndGlobalSection
	GlobalSection(ExtensibilityGlobals) = postSolution
		SolutionGuid = {C132A243-75D7-440B-BD61-3235D1F63A2A}
	EndGlobalSection
EndGlobal
